
Microsoft Visual Studio Solution File, Format Version 12.00
# Visual Studio 14
VisualStudioVersion = 14.0.25123.0
MinimumVisualStudioVersion = 10.0.40219.1
Project("{FAE04EC0-301F-11D3-BF4B-00C04F79EFBC}") = "LibraryManagement", "LibraryManagement\LibraryManagement.csproj", "{8AC1F33F-7C04-4419-92D2-5BB904A75DBC}"
EndProject
Project("{FAE04EC0-301F-11D3-BF4B-00C04F79EFBC}") = "LibraryManagement.Repository", "LibraryManagement.Repository\LibraryManagement.Repository.csproj", "{E11EDD84-B6B9-42EE-826D-3F8414B8B8D7}"
EndProject
Project("{FAE04EC0-301F-11D3-BF4B-00C04F79EFBC}") = "LibraryManagement.Service", "LibraryManagement.Service\LibraryManagement.Service.csproj", "{C38877A0-ABFB-4833-B348-2302C540FE13}"
EndProject
Project("{FAE04EC0-301F-11D3-BF4B-00C04F79EFBC}") = "LibraryManagement.Core", "LibraryManagement.Core\LibraryManagement.Core.csproj", "{689A30FD-A07F-45E7-BACA-19F2D7793742}"
EndProject
Project("{FAE04EC0-301F-11D3-BF4B-00C04F79EFBC}") = "LibraryManagement.Common", "LibraryManagement.Common\LibraryManagement.Common.csproj", "{C7CB4857-D04F-42F7-882B-23502CAFC976}"
EndProject
Global
	GlobalSection(SolutionConfigurationPlatforms) = preSolution
		Debug|Any CPU = Debug|Any CPU
		Release|Any CPU = Release|Any CPU
	EndGlobalSection
	GlobalSection(ProjectConfigurationPlatforms) = postSolution
		{8AC1F33F-7C04-4419-92D2-5BB904A75DBC}.Debug|Any CPU.ActiveCfg = Debug|Any CPU
		{8AC1F33F-7C04-4419-92D2-5BB904A75DBC}.Debug|Any CPU.Build.0 = Debug|Any CPU
		{8AC1F33F-7C04-4419-92D2-5BB904A75DBC}.Release|Any CPU.ActiveCfg = Release|Any CPU
		{8AC1F33F-7C04-4419-92D2-5BB904A75DBC}.Release|Any CPU.Build.0 = Release|Any CPU
		{E11EDD84-B6B9-42EE-826D-3F8414B8B8D7}.Debug|Any CPU.ActiveCfg = Debug|Any CPU
		{E11EDD84-B6B9-42EE-826D-3F8414B8B8D7}.Debug|Any CPU.Build.0 = Debug|Any CPU
		{E11EDD84-B6B9-42EE-826D-3F8414B8B8D7}.Release|Any CPU.ActiveCfg = Release|Any CPU
		{E11EDD84-B6B9-42EE-826D-3F8414B8B8D7}.Release|Any CPU.Build.0 = Release|Any CPU
		{C38877A0-ABFB-4833-B348-2302C540FE13}.Debug|Any CPU.ActiveCfg = Debug|Any CPU
		{C38877A0-ABFB-4833-B348-2302C540FE13}.Debug|Any CPU.Build.0 = Debug|Any CPU
		{C38877A0-ABFB-4833-B348-2302C540FE13}.Release|Any CPU.ActiveCfg = Release|Any CPU
		{C38877A0-ABFB-4833-B348-2302C540FE13}.Release|Any CPU.Build.0 = Release|Any CPU
		{689A30FD-A07F-45E7-BACA-19F2D7793742}.Debug|Any CPU.ActiveCfg = Debug|Any CPU
		{689A30FD-A07F-45E7-BACA-19F2D7793742}.Debug|Any CPU.Build.0 = Debug|Any CPU
		{689A30FD-A07F-45E7-BACA-19F2D7793742}.Release|Any CPU.ActiveCfg = Release|Any CPU
		{689A30FD-A07F-45E7-BACA-19F2D7793742}.Release|Any CPU.Build.0 = Release|Any CPU
		{C7CB4857-D04F-42F7-882B-23502CAFC976}.Debug|Any CPU.ActiveCfg = Debug|Any CPU
		{C7CB4857-D04F-42F7-882B-23502CAFC976}.Debug|Any CPU.Build.0 = Debug|Any CPU
		{C7CB4857-D04F-42F7-882B-23502CAFC976}.Release|Any CPU.ActiveCfg = Release|Any CPU
		{C7CB4857-D04F-42F7-882B-23502CAFC976}.Release|Any CPU.Build.0 = Release|Any CPU
	EndGlobalSection
	GlobalSection(SolutionProperties) = preSolution
		HideSolutionNode = FALSE
	EndGlobalSection
EndGlobal
